// !$*UTF8*$!
{
	archiveVersion = 1;
	classes = {
	};
	objectVersion = 56;
	objects = {

/* Begin PBXBuildFile section */
		ED20BD8C294735D0005B2A55 /* Alamofire in Frameworks */ = {isa = PBXBuildFile; productRef = ED20BD8B294735D0005B2A55 /* Alamofire */; };
		ED20BD8E2947373F005B2A55 /* RequestManagerWithAlamofire.swift in Sources */ = {isa = PBXBuildFile; fileRef = ED20BD8D2947373F005B2A55 /* RequestManagerWithAlamofire.swift */; };
		ED29E81B293E475E001A8081 /* DetailViewState.swift in Sources */ = {isa = PBXBuildFile; fileRef = ED29E81A293E475E001A8081 /* DetailViewState.swift */; };
		ED29E81D293E4779001A8081 /* RingPickerState.swift in Sources */ = {isa = PBXBuildFile; fileRef = ED29E81C293E4779001A8081 /* RingPickerState.swift */; };
		ED47D56829094A2B00BB32FA /* NetworkingExampleApp.swift in Sources */ = {isa = PBXBuildFile; fileRef = ED47D56729094A2B00BB32FA /* NetworkingExampleApp.swift */; };
		ED47D56A29094A2B00BB32FA /* RingsView.swift in Sources */ = {isa = PBXBuildFile; fileRef = ED47D56929094A2B00BB32FA /* RingsView.swift */; };
		ED47D56C29094A2C00BB32FA /* Assets.xcassets in Resources */ = {isa = PBXBuildFile; fileRef = ED47D56B29094A2C00BB32FA /* Assets.xcassets */; };
		ED47D56F29094A2C00BB32FA /* Preview Assets.xcassets in Resources */ = {isa = PBXBuildFile; fileRef = ED47D56E29094A2C00BB32FA /* Preview Assets.xcassets */; };
		ED60CE64292B8630006B95FE /* LanguageCell.swift in Sources */ = {isa = PBXBuildFile; fileRef = ED60CE63292B8630006B95FE /* LanguageCell.swift */; };
		ED60CE69292CDFF7006B95FE /* RingPicker.swift in Sources */ = {isa = PBXBuildFile; fileRef = ED60CE68292CDFF7006B95FE /* RingPicker.swift */; };
		EDC90720291AA79100DEE3B7 /* Language.swift in Sources */ = {isa = PBXBuildFile; fileRef = EDC9071F291AA79100DEE3B7 /* Language.swift */; };
		EDC90724291AA87C00DEE3B7 /* LoginView.swift in Sources */ = {isa = PBXBuildFile; fileRef = EDC90723291AA87C00DEE3B7 /* LoginView.swift */; };
		EDC9072B291AB27700DEE3B7 /* User.swift in Sources */ = {isa = PBXBuildFile; fileRef = EDC9072A291AB27700DEE3B7 /* User.swift */; };
		EDC9072D291AB2A100DEE3B7 /* Token.swift in Sources */ = {isa = PBXBuildFile; fileRef = EDC9072C291AB2A100DEE3B7 /* Token.swift */; };
		EDC9072F291AB46A00DEE3B7 /* Session.swift in Sources */ = {isa = PBXBuildFile; fileRef = EDC9072E291AB46A00DEE3B7 /* Session.swift */; };
		EDC90731291BCCCD00DEE3B7 /* KeychainHelper.swift in Sources */ = {isa = PBXBuildFile; fileRef = EDC90730291BCCCD00DEE3B7 /* KeychainHelper.swift */; };
		EDC90734291CFCA800DEE3B7 /* LanguageDetailView.swift in Sources */ = {isa = PBXBuildFile; fileRef = EDC90733291CFCA800DEE3B7 /* LanguageDetailView.swift */; };
		EDC90736291D04C300DEE3B7 /* RingCell.swift in Sources */ = {isa = PBXBuildFile; fileRef = EDC90735291D04C300DEE3B7 /* RingCell.swift */; };
		EDC90738291D054200DEE3B7 /* Mocks.swift in Sources */ = {isa = PBXBuildFile; fileRef = EDC90737291D054200DEE3B7 /* Mocks.swift */; };
		EDC9073A291D0A3500DEE3B7 /* RingShape.swift in Sources */ = {isa = PBXBuildFile; fileRef = EDC90739291D0A3500DEE3B7 /* RingShape.swift */; };
		EDC90743291D456200DEE3B7 /* APIService.swift in Sources */ = {isa = PBXBuildFile; fileRef = EDC90742291D456200DEE3B7 /* APIService.swift */; };
		EDC90745291D4C8100DEE3B7 /* RingDetailView.swift in Sources */ = {isa = PBXBuildFile; fileRef = EDC90744291D4C8100DEE3B7 /* RingDetailView.swift */; };
		EDC90747291D594200DEE3B7 /* RingLanguagesView.swift in Sources */ = {isa = PBXBuildFile; fileRef = EDC90746291D594200DEE3B7 /* RingLanguagesView.swift */; };
		EDC9074D291E607900DEE3B7 /* RingsViewModel.swift in Sources */ = {isa = PBXBuildFile; fileRef = EDC9074C291E607900DEE3B7 /* RingsViewModel.swift */; };
		EDC9074F291E635200DEE3B7 /* RingDetailViewModel.swift in Sources */ = {isa = PBXBuildFile; fileRef = EDC9074E291E635200DEE3B7 /* RingDetailViewModel.swift */; };
		EDD2FC1229279F2500132D72 /* LanguagesView.swift in Sources */ = {isa = PBXBuildFile; fileRef = EDD2FC1129279F2500132D72 /* LanguagesView.swift */; };
		EDD2FC142927A63400132D72 /* LanguagesViewModel.swift in Sources */ = {isa = PBXBuildFile; fileRef = EDD2FC132927A63400132D72 /* LanguagesViewModel.swift */; };
		EDE584FF291E79610095DED1 /* LanguageDetailViewModel.swift in Sources */ = {isa = PBXBuildFile; fileRef = EDE584FE291E79610095DED1 /* LanguageDetailViewModel.swift */; };
		EDF2B0D2290952C500864091 /* Router.swift in Sources */ = {isa = PBXBuildFile; fileRef = EDF2B0CF290952C500864091 /* Router.swift */; };
		EDF2B0D3290952C500864091 /* RequestManager.swift in Sources */ = {isa = PBXBuildFile; fileRef = EDF2B0D0290952C500864091 /* RequestManager.swift */; };
		EDF2B0D4290952C500864091 /* RequestError.swift in Sources */ = {isa = PBXBuildFile; fileRef = EDF2B0D1290952C500864091 /* RequestError.swift */; };
		EDF2B0D72909692C00864091 /* Ring.swift in Sources */ = {isa = PBXBuildFile; fileRef = EDF2B0D62909692C00864091 /* Ring.swift */; };
/* End PBXBuildFile section */

/* Begin PBXFileReference section */
		ED20BD8D2947373F005B2A55 /* RequestManagerWithAlamofire.swift */ = {isa = PBXFileReference; lastKnownFileType = sourcecode.swift; path = RequestManagerWithAlamofire.swift; sourceTree = "<group>"; };
		ED29E81A293E475E001A8081 /* DetailViewState.swift */ = {isa = PBXFileReference; lastKnownFileType = sourcecode.swift; path = DetailViewState.swift; sourceTree = "<group>"; };
		ED29E81C293E4779001A8081 /* RingPickerState.swift */ = {isa = PBXFileReference; lastKnownFileType = sourcecode.swift; path = RingPickerState.swift; sourceTree = "<group>"; };
		ED47D56429094A2B00BB32FA /* NetworkingExampleApp.app */ = {isa = PBXFileReference; explicitFileType = wrapper.application; includeInIndex = 0; path = NetworkingExampleApp.app; sourceTree = BUILT_PRODUCTS_DIR; };
		ED47D56729094A2B00BB32FA /* NetworkingExampleApp.swift */ = {isa = PBXFileReference; lastKnownFileType = sourcecode.swift; path = NetworkingExampleApp.swift; sourceTree = "<group>"; };
		ED47D56929094A2B00BB32FA /* RingsView.swift */ = {isa = PBXFileReference; lastKnownFileType = sourcecode.swift; path = RingsView.swift; sourceTree = "<group>"; };
		ED47D56B29094A2C00BB32FA /* Assets.xcassets */ = {isa = PBXFileReference; lastKnownFileType = folder.assetcatalog; path = Assets.xcassets; sourceTree = "<group>"; };
		ED47D56E29094A2C00BB32FA /* Preview Assets.xcassets */ = {isa = PBXFileReference; lastKnownFileType = folder.assetcatalog; path = "Preview Assets.xcassets"; sourceTree = "<group>"; };
		ED60CE63292B8630006B95FE /* LanguageCell.swift */ = {isa = PBXFileReference; lastKnownFileType = sourcecode.swift; path = LanguageCell.swift; sourceTree = "<group>"; };
		ED60CE68292CDFF7006B95FE /* RingPicker.swift */ = {isa = PBXFileReference; lastKnownFileType = sourcecode.swift; path = RingPicker.swift; sourceTree = "<group>"; };
		EDC9071F291AA79100DEE3B7 /* Language.swift */ = {isa = PBXFileReference; lastKnownFileType = sourcecode.swift; path = Language.swift; sourceTree = "<group>"; };
		EDC90723291AA87C00DEE3B7 /* LoginView.swift */ = {isa = PBXFileReference; lastKnownFileType = sourcecode.swift; path = LoginView.swift; sourceTree = "<group>"; };
		EDC9072A291AB27700DEE3B7 /* User.swift */ = {isa = PBXFileReference; lastKnownFileType = sourcecode.swift; path = User.swift; sourceTree = "<group>"; };
		EDC9072C291AB2A100DEE3B7 /* Token.swift */ = {isa = PBXFileReference; lastKnownFileType = sourcecode.swift; path = Token.swift; sourceTree = "<group>"; };
		EDC9072E291AB46A00DEE3B7 /* Session.swift */ = {isa = PBXFileReference; lastKnownFileType = sourcecode.swift; path = Session.swift; sourceTree = "<group>"; };
		EDC90730291BCCCD00DEE3B7 /* KeychainHelper.swift */ = {isa = PBXFileReference; lastKnownFileType = sourcecode.swift; path = KeychainHelper.swift; sourceTree = "<group>"; };
		EDC90733291CFCA800DEE3B7 /* LanguageDetailView.swift */ = {isa = PBXFileReference; lastKnownFileType = sourcecode.swift; path = LanguageDetailView.swift; sourceTree = "<group>"; };
		EDC90735291D04C300DEE3B7 /* RingCell.swift */ = {isa = PBXFileReference; lastKnownFileType = sourcecode.swift; path = RingCell.swift; sourceTree = "<group>"; };
		EDC90737291D054200DEE3B7 /* Mocks.swift */ = {isa = PBXFileReference; lastKnownFileType = sourcecode.swift; path = Mocks.swift; sourceTree = "<group>"; };
		EDC90739291D0A3500DEE3B7 /* RingShape.swift */ = {isa = PBXFileReference; lastKnownFileType = sourcecode.swift; path = RingShape.swift; sourceTree = "<group>"; };
		EDC90742291D456200DEE3B7 /* APIService.swift */ = {isa = PBXFileReference; lastKnownFileType = sourcecode.swift; path = APIService.swift; sourceTree = "<group>"; };
		EDC90744291D4C8100DEE3B7 /* RingDetailView.swift */ = {isa = PBXFileReference; lastKnownFileType = sourcecode.swift; path = RingDetailView.swift; sourceTree = "<group>"; };
		EDC90746291D594200DEE3B7 /* RingLanguagesView.swift */ = {isa = PBXFileReference; lastKnownFileType = sourcecode.swift; path = RingLanguagesView.swift; sourceTree = "<group>"; };
		EDC9074C291E607900DEE3B7 /* RingsViewModel.swift */ = {isa = PBXFileReference; lastKnownFileType = sourcecode.swift; path = RingsViewModel.swift; sourceTree = "<group>"; };
		EDC9074E291E635200DEE3B7 /* RingDetailViewModel.swift */ = {isa = PBXFileReference; lastKnownFileType = sourcecode.swift; path = RingDetailViewModel.swift; sourceTree = "<group>"; };
		EDD2FC1129279F2500132D72 /* LanguagesView.swift */ = {isa = PBXFileReference; lastKnownFileType = sourcecode.swift; path = LanguagesView.swift; sourceTree = "<group>"; };
		EDD2FC132927A63400132D72 /* LanguagesViewModel.swift */ = {isa = PBXFileReference; lastKnownFileType = sourcecode.swift; path = LanguagesViewModel.swift; sourceTree = "<group>"; };
		EDE584FE291E79610095DED1 /* LanguageDetailViewModel.swift */ = {isa = PBXFileReference; lastKnownFileType = sourcecode.swift; path = LanguageDetailViewModel.swift; sourceTree = "<group>"; };
		EDF2B0CF290952C500864091 /* Router.swift */ = {isa = PBXFileReference; fileEncoding = 4; lastKnownFileType = sourcecode.swift; path = Router.swift; sourceTree = "<group>"; };
		EDF2B0D0290952C500864091 /* RequestManager.swift */ = {isa = PBXFileReference; fileEncoding = 4; lastKnownFileType = sourcecode.swift; path = RequestManager.swift; sourceTree = "<group>"; };
		EDF2B0D1290952C500864091 /* RequestError.swift */ = {isa = PBXFileReference; fileEncoding = 4; lastKnownFileType = sourcecode.swift; path = RequestError.swift; sourceTree = "<group>"; };
		EDF2B0D62909692C00864091 /* Ring.swift */ = {isa = PBXFileReference; fileEncoding = 4; lastKnownFileType = sourcecode.swift; path = Ring.swift; sourceTree = "<group>"; };
/* End PBXFileReference section */

/* Begin PBXFrameworksBuildPhase section */
		ED47D56129094A2B00BB32FA /* Frameworks */ = {
			isa = PBXFrameworksBuildPhase;
			buildActionMask = 2147483647;
			files = (
				ED20BD8C294735D0005B2A55 /* Alamofire in Frameworks */,
			);
			runOnlyForDeploymentPostprocessing = 0;
		};
/* End PBXFrameworksBuildPhase section */

/* Begin PBXGroup section */
		ED47D55B29094A2B00BB32FA = {
			isa = PBXGroup;
			children = (
				ED47D56629094A2B00BB32FA /* NetworkingExampleApp */,
				ED47D56529094A2B00BB32FA /* Products */,
			);
			sourceTree = "<group>";
		};
		ED47D56529094A2B00BB32FA /* Products */ = {
			isa = PBXGroup;
			children = (
				ED47D56429094A2B00BB32FA /* NetworkingExampleApp.app */,
			);
			name = Products;
			sourceTree = "<group>";
		};
		ED47D56629094A2B00BB32FA /* NetworkingExampleApp */ = {
			isa = PBXGroup;
			children = (
				EDF2B0CD290952A900864091 /* App */,
				EDC90725291AA9BD00DEE3B7 /* Helpers */,
				ED47D56D29094A2C00BB32FA /* Preview Content */,
				EDC9073B291D0FBE00DEE3B7 /* Resources */,
				EDF2B0CC2909529F00864091 /* Services */,
			);
			path = NetworkingExampleApp;
			sourceTree = "<group>";
		};
		ED47D56D29094A2C00BB32FA /* Preview Content */ = {
			isa = PBXGroup;
			children = (
				ED47D56E29094A2C00BB32FA /* Preview Assets.xcassets */,
			);
			path = "Preview Content";
			sourceTree = "<group>";
		};
		EDC90725291AA9BD00DEE3B7 /* Helpers */ = {
			isa = PBXGroup;
			children = (
				EDC9072E291AB46A00DEE3B7 /* Session.swift */,
				EDC90730291BCCCD00DEE3B7 /* KeychainHelper.swift */,
				EDC90737291D054200DEE3B7 /* Mocks.swift */,
			);
			path = Helpers;
			sourceTree = "<group>";
		};
		EDC9073B291D0FBE00DEE3B7 /* Resources */ = {
			isa = PBXGroup;
			children = (
				ED47D56B29094A2C00BB32FA /* Assets.xcassets */,
			);
			path = Resources;
			sourceTree = "<group>";
		};
		EDC90748291E556200DEE3B7 /* Ring */ = {
			isa = PBXGroup;
			children = (
				ED47D56929094A2B00BB32FA /* RingsView.swift */,
				EDC90735291D04C300DEE3B7 /* RingCell.swift */,
				EDC90739291D0A3500DEE3B7 /* RingShape.swift */,
				EDC90744291D4C8100DEE3B7 /* RingDetailView.swift */,
				EDC90746291D594200DEE3B7 /* RingLanguagesView.swift */,
				ED60CE68292CDFF7006B95FE /* RingPicker.swift */,
			);
			path = Ring;
			sourceTree = "<group>";
		};
		EDC90749291E556A00DEE3B7 /* Language */ = {
			isa = PBXGroup;
			children = (
				EDC90733291CFCA800DEE3B7 /* LanguageDetailView.swift */,
				EDD2FC1129279F2500132D72 /* LanguagesView.swift */,
				ED60CE63292B8630006B95FE /* LanguageCell.swift */,
			);
			path = Language;
			sourceTree = "<group>";
		};
		EDC9074A291E5EB300DEE3B7 /* Views */ = {
			isa = PBXGroup;
			children = (
				ED47D56729094A2B00BB32FA /* NetworkingExampleApp.swift */,
				EDC90723291AA87C00DEE3B7 /* LoginView.swift */,
				EDC90748291E556200DEE3B7 /* Ring */,
				EDC90749291E556A00DEE3B7 /* Language */,
			);
			path = Views;
			sourceTree = "<group>";
		};
		EDC9074B291E5EC300DEE3B7 /* ViewModel */ = {
			isa = PBXGroup;
			children = (
				EDC9074C291E607900DEE3B7 /* RingsViewModel.swift */,
				EDC9074E291E635200DEE3B7 /* RingDetailViewModel.swift */,
				EDE584FE291E79610095DED1 /* LanguageDetailViewModel.swift */,
				EDD2FC132927A63400132D72 /* LanguagesViewModel.swift */,
			);
			path = ViewModel;
			sourceTree = "<group>";
		};
		EDF2B0CC2909529F00864091 /* Services */ = {
			isa = PBXGroup;
			children = (
				EDF2B0CE290952B400864091 /* Network */,
				EDC90742291D456200DEE3B7 /* APIService.swift */,
			);
			path = Services;
			sourceTree = "<group>";
		};
		EDF2B0CD290952A900864091 /* App */ = {
			isa = PBXGroup;
			children = (
				EDC9074B291E5EC300DEE3B7 /* ViewModel */,
				EDC9074A291E5EB300DEE3B7 /* Views */,
				EDF2B0D5290968EE00864091 /* Model */,
			);
			path = App;
			sourceTree = "<group>";
		};
		EDF2B0CE290952B400864091 /* Network */ = {
			isa = PBXGroup;
			children = (
				EDF2B0D1290952C500864091 /* RequestError.swift */,
				EDF2B0D0290952C500864091 /* RequestManager.swift */,
				EDF2B0CF290952C500864091 /* Router.swift */,
				ED20BD8D2947373F005B2A55 /* RequestManagerWithAlamofire.swift */,
			);
			path = Network;
			sourceTree = "<group>";
		};
		EDF2B0D5290968EE00864091 /* Model */ = {
			isa = PBXGroup;
			children = (
				EDF2B0D62909692C00864091 /* Ring.swift */,
				EDC9071F291AA79100DEE3B7 /* Language.swift */,
				EDC9072A291AB27700DEE3B7 /* User.swift */,
				EDC9072C291AB2A100DEE3B7 /* Token.swift */,
				ED29E81A293E475E001A8081 /* DetailViewState.swift */,
				ED29E81C293E4779001A8081 /* RingPickerState.swift */,
			);
			path = Model;
			sourceTree = "<group>";
		};
/* End PBXGroup section */

/* Begin PBXNativeTarget section */
		ED47D56329094A2B00BB32FA /* NetworkingExampleApp */ = {
			isa = PBXNativeTarget;
			buildConfigurationList = ED47D57229094A2C00BB32FA /* Build configuration list for PBXNativeTarget "NetworkingExampleApp" */;
			buildPhases = (
				ED47D56029094A2B00BB32FA /* Sources */,
				ED47D56129094A2B00BB32FA /* Frameworks */,
				ED47D56229094A2B00BB32FA /* Resources */,
			);
			buildRules = (
			);
			dependencies = (
			);
			name = NetworkingExampleApp;
			packageProductDependencies = (
				ED20BD8B294735D0005B2A55 /* Alamofire */,
			);
			productName = NetworkingExampleApp;
			productReference = ED47D56429094A2B00BB32FA /* NetworkingExampleApp.app */;
			productType = "com.apple.product-type.application";
		};
/* End PBXNativeTarget section */

/* Begin PBXProject section */
		ED47D55C29094A2B00BB32FA /* Project object */ = {
			isa = PBXProject;
			attributes = {
				BuildIndependentTargetsInParallel = 1;
				LastSwiftUpdateCheck = 1400;
				LastUpgradeCheck = 1400;
				TargetAttributes = {
					ED47D56329094A2B00BB32FA = {
						CreatedOnToolsVersion = 14.0.1;
					};
				};
			};
			buildConfigurationList = ED47D55F29094A2B00BB32FA /* Build configuration list for PBXProject "NetworkingExampleApp" */;
			compatibilityVersion = "Xcode 14.0";
			developmentRegion = en;
			hasScannedForEncodings = 0;
			knownRegions = (
				en,
				Base,
			);
			mainGroup = ED47D55B29094A2B00BB32FA;
			packageReferences = (
				ED20BD8A294735D0005B2A55 /* XCRemoteSwiftPackageReference "Alamofire" */,
			);
			productRefGroup = ED47D56529094A2B00BB32FA /* Products */;
			projectDirPath = "";
			projectRoot = "";
			targets = (
				ED47D56329094A2B00BB32FA /* NetworkingExampleApp */,
			);
		};
/* End PBXProject section */

/* Begin PBXResourcesBuildPhase section */
		ED47D56229094A2B00BB32FA /* Resources */ = {
			isa = PBXResourcesBuildPhase;
			buildActionMask = 2147483647;
			files = (
				ED47D56F29094A2C00BB32FA /* Preview Assets.xcassets in Resources */,
				ED47D56C29094A2C00BB32FA /* Assets.xcassets in Resources */,
			);
			runOnlyForDeploymentPostprocessing = 0;
		};
/* End PBXResourcesBuildPhase section */

/* Begin PBXSourcesBuildPhase section */
		ED47D56029094A2B00BB32FA /* Sources */ = {
			isa = PBXSourcesBuildPhase;
			buildActionMask = 2147483647;
			files = (
				ED47D56A29094A2B00BB32FA /* RingsView.swift in Sources */,
				EDC90743291D456200DEE3B7 /* APIService.swift in Sources */,
				EDC9073A291D0A3500DEE3B7 /* RingShape.swift in Sources */,
				ED29E81D293E4779001A8081 /* RingPickerState.swift in Sources */,
				ED60CE69292CDFF7006B95FE /* RingPicker.swift in Sources */,
				EDC90720291AA79100DEE3B7 /* Language.swift in Sources */,
				EDF2B0D4290952C500864091 /* RequestError.swift in Sources */,
				ED20BD8E2947373F005B2A55 /* RequestManagerWithAlamofire.swift in Sources */,
				EDC90745291D4C8100DEE3B7 /* RingDetailView.swift in Sources */,
				EDC9072D291AB2A100DEE3B7 /* Token.swift in Sources */,
				EDE584FF291E79610095DED1 /* LanguageDetailViewModel.swift in Sources */,
				EDD2FC1229279F2500132D72 /* LanguagesView.swift in Sources */,
				EDC90724291AA87C00DEE3B7 /* LoginView.swift in Sources */,
				EDF2B0D2290952C500864091 /* Router.swift in Sources */,
				EDC90747291D594200DEE3B7 /* RingLanguagesView.swift in Sources */,
				EDC9074D291E607900DEE3B7 /* RingsViewModel.swift in Sources */,
				ED47D56829094A2B00BB32FA /* NetworkingExampleApp.swift in Sources */,
				EDC9072F291AB46A00DEE3B7 /* Session.swift in Sources */,
				EDC90736291D04C300DEE3B7 /* RingCell.swift in Sources */,
				EDF2B0D3290952C500864091 /* RequestManager.swift in Sources */,
				EDC90734291CFCA800DEE3B7 /* LanguageDetailView.swift in Sources */,
				ED60CE64292B8630006B95FE /* LanguageCell.swift in Sources */,
				ED29E81B293E475E001A8081 /* DetailViewState.swift in Sources */,
				EDC9074F291E635200DEE3B7 /* RingDetailViewModel.swift in Sources */,
				EDC90738291D054200DEE3B7 /* Mocks.swift in Sources */,
				EDC90731291BCCCD00DEE3B7 /* KeychainHelper.swift in Sources */,
				EDF2B0D72909692C00864091 /* Ring.swift in Sources */,
				EDD2FC142927A63400132D72 /* LanguagesViewModel.swift in Sources */,
				EDC9072B291AB27700DEE3B7 /* User.swift in Sources */,
			);
			runOnlyForDeploymentPostprocessing = 0;
		};
/* End PBXSourcesBuildPhase section */

/* Begin XCBuildConfiguration section */
		ED47D57029094A2C00BB32FA /* Debug */ = {
			isa = XCBuildConfiguration;
			buildSettings = {
				ALWAYS_SEARCH_USER_PATHS = NO;
				CLANG_ANALYZER_NONNULL = YES;
				CLANG_ANALYZER_NUMBER_OBJECT_CONVERSION = YES_AGGRESSIVE;
				CLANG_CXX_LANGUAGE_STANDARD = "gnu++20";
				CLANG_ENABLE_MODULES = YES;
				CLANG_ENABLE_OBJC_ARC = YES;
				CLANG_ENABLE_OBJC_WEAK = YES;
				CLANG_WARN_BLOCK_CAPTURE_AUTORELEASING = YES;
				CLANG_WARN_BOOL_CONVERSION = YES;
				CLANG_WARN_COMMA = YES;
				CLANG_WARN_CONSTANT_CONVERSION = YES;
				CLANG_WARN_DEPRECATED_OBJC_IMPLEMENTATIONS = YES;
				CLANG_WARN_DIRECT_OBJC_ISA_USAGE = YES_ERROR;
				CLANG_WARN_DOCUMENTATION_COMMENTS = YES;
				CLANG_WARN_EMPTY_BODY = YES;
				CLANG_WARN_ENUM_CONVERSION = YES;
				CLANG_WARN_INFINITE_RECURSION = YES;
				CLANG_WARN_INT_CONVERSION = YES;
				CLANG_WARN_NON_LITERAL_NULL_CONVERSION = YES;
				CLANG_WARN_OBJC_IMPLICIT_RETAIN_SELF = YES;
				CLANG_WARN_OBJC_LITERAL_CONVERSION = YES;
				CLANG_WARN_OBJC_ROOT_CLASS = YES_ERROR;
				CLANG_WARN_QUOTED_INCLUDE_IN_FRAMEWORK_HEADER = YES;
				CLANG_WARN_RANGE_LOOP_ANALYSIS = YES;
				CLANG_WARN_STRICT_PROTOTYPES = YES;
				CLANG_WARN_SUSPICIOUS_MOVE = YES;
				CLANG_WARN_UNGUARDED_AVAILABILITY = YES_AGGRESSIVE;
				CLANG_WARN_UNREACHABLE_CODE = YES;
				CLANG_WARN__DUPLICATE_METHOD_MATCH = YES;
				COPY_PHASE_STRIP = NO;
				DEBUG_INFORMATION_FORMAT = dwarf;
				ENABLE_STRICT_OBJC_MSGSEND = YES;
				ENABLE_TESTABILITY = YES;
				GCC_C_LANGUAGE_STANDARD = gnu11;
				GCC_DYNAMIC_NO_PIC = NO;
				GCC_NO_COMMON_BLOCKS = YES;
				GCC_OPTIMIZATION_LEVEL = 0;
				GCC_PREPROCESSOR_DEFINITIONS = (
					"DEBUG=1",
					"$(inherited)",
				);
				GCC_WARN_64_TO_32_BIT_CONVERSION = YES;
				GCC_WARN_ABOUT_RETURN_TYPE = YES_ERROR;
				GCC_WARN_UNDECLARED_SELECTOR = YES;
				GCC_WARN_UNINITIALIZED_AUTOS = YES_AGGRESSIVE;
				GCC_WARN_UNUSED_FUNCTION = YES;
				GCC_WARN_UNUSED_VARIABLE = YES;
				IPHONEOS_DEPLOYMENT_TARGET = 16.0;
				MTL_ENABLE_DEBUG_INFO = INCLUDE_SOURCE;
				MTL_FAST_MATH = YES;
				ONLY_ACTIVE_ARCH = YES;
				SDKROOT = iphoneos;
				SWIFT_ACTIVE_COMPILATION_CONDITIONS = DEBUG;
				SWIFT_OPTIMIZATION_LEVEL = "-Onone";
			};
			name = Debug;
		};
		ED47D57129094A2C00BB32FA /* Release */ = {
			isa = XCBuildConfiguration;
			buildSettings = {
				ALWAYS_SEARCH_USER_PATHS = NO;
				CLANG_ANALYZER_NONNULL = YES;
				CLANG_ANALYZER_NUMBER_OBJECT_CONVERSION = YES_AGGRESSIVE;
				CLANG_CXX_LANGUAGE_STANDARD = "gnu++20";
				CLANG_ENABLE_MODULES = YES;
				CLANG_ENABLE_OBJC_ARC = YES;
				CLANG_ENABLE_OBJC_WEAK = YES;
				CLANG_WARN_BLOCK_CAPTURE_AUTORELEASING = YES;
				CLANG_WARN_BOOL_CONVERSION = YES;
				CLANG_WARN_COMMA = YES;
				CLANG_WARN_CONSTANT_CONVERSION = YES;
				CLANG_WARN_DEPRECATED_OBJC_IMPLEMENTATIONS = YES;
				CLANG_WARN_DIRECT_OBJC_ISA_USAGE = YES_ERROR;
				CLANG_WARN_DOCUMENTATION_COMMENTS = YES;
				CLANG_WARN_EMPTY_BODY = YES;
				CLANG_WARN_ENUM_CONVERSION = YES;
				CLANG_WARN_INFINITE_RECURSION = YES;
				CLANG_WARN_INT_CONVERSION = YES;
				CLANG_WARN_NON_LITERAL_NULL_CONVERSION = YES;
				CLANG_WARN_OBJC_IMPLICIT_RETAIN_SELF = YES;
				CLANG_WARN_OBJC_LITERAL_CONVERSION = YES;
				CLANG_WARN_OBJC_ROOT_CLASS = YES_ERROR;
				CLANG_WARN_QUOTED_INCLUDE_IN_FRAMEWORK_HEADER = YES;
				CLANG_WARN_RANGE_LOOP_ANALYSIS = YES;
				CLANG_WARN_STRICT_PROTOTYPES = YES;
				CLANG_WARN_SUSPICIOUS_MOVE = YES;
				CLANG_WARN_UNGUARDED_AVAILABILITY = YES_AGGRESSIVE;
				CLANG_WARN_UNREACHABLE_CODE = YES;
				CLANG_WARN__DUPLICATE_METHOD_MATCH = YES;
				COPY_PHASE_STRIP = NO;
				DEBUG_INFORMATION_FORMAT = "dwarf-with-dsym";
				ENABLE_NS_ASSERTIONS = NO;
				ENABLE_STRICT_OBJC_MSGSEND = YES;
				GCC_C_LANGUAGE_STANDARD = gnu11;
				GCC_NO_COMMON_BLOCKS = YES;
				GCC_WARN_64_TO_32_BIT_CONVERSION = YES;
				GCC_WARN_ABOUT_RETURN_TYPE = YES_ERROR;
				GCC_WARN_UNDECLARED_SELECTOR = YES;
				GCC_WARN_UNINITIALIZED_AUTOS = YES_AGGRESSIVE;
				GCC_WARN_UNUSED_FUNCTION = YES;
				GCC_WARN_UNUSED_VARIABLE = YES;
				IPHONEOS_DEPLOYMENT_TARGET = 16.0;
				MTL_ENABLE_DEBUG_INFO = NO;
				MTL_FAST_MATH = YES;
				SDKROOT = iphoneos;
				SWIFT_COMPILATION_MODE = wholemodule;
				SWIFT_OPTIMIZATION_LEVEL = "-O";
				VALIDATE_PRODUCT = YES;
			};
			name = Release;
		};
		ED47D57329094A2C00BB32FA /* Debug */ = {
			isa = XCBuildConfiguration;
			buildSettings = {
				ASSETCATALOG_COMPILER_APPICON_NAME = AppIcon;
				ASSETCATALOG_COMPILER_GLOBAL_ACCENT_COLOR_NAME = AccentColor;
				CODE_SIGN_STYLE = Automatic;
				CURRENT_PROJECT_VERSION = 1;
				DEVELOPMENT_ASSET_PATHS = "\"NetworkingExampleApp/Preview Content\"";
				DEVELOPMENT_TEAM = 99KJTTSY9Z;
				ENABLE_PREVIEWS = YES;
				GENERATE_INFOPLIST_FILE = YES;
				INFOPLIST_KEY_UIApplicationSceneManifest_Generation = YES;
				INFOPLIST_KEY_UIApplicationSupportsIndirectInputEvents = YES;
				INFOPLIST_KEY_UILaunchScreen_Generation = YES;
				INFOPLIST_KEY_UISupportedInterfaceOrientations_iPad = "UIInterfaceOrientationPortrait UIInterfaceOrientationPortraitUpsideDown UIInterfaceOrientationLandscapeLeft UIInterfaceOrientationLandscapeRight";
				INFOPLIST_KEY_UISupportedInterfaceOrientations_iPhone = "UIInterfaceOrientationPortrait UIInterfaceOrientationLandscapeLeft UIInterfaceOrientationLandscapeRight";
				LD_RUNPATH_SEARCH_PATHS = (
					"$(inherited)",
					"@executable_path/Frameworks",
				);
				MARKETING_VERSION = 1.0;
				PRODUCT_BUNDLE_IDENTIFIER = com.daantunes.NetworkingExample.NetworkingExampleApp;
				PRODUCT_NAME = "$(TARGET_NAME)";
				SWIFT_EMIT_LOC_STRINGS = YES;
				SWIFT_VERSION = 5.0;
				TARGETED_DEVICE_FAMILY = "1,2";
			};
			name = Debug;
		};
		ED47D57429094A2C00BB32FA /* Release */ = {
			isa = XCBuildConfiguration;
			buildSettings = {
				ASSETCATALOG_COMPILER_APPICON_NAME = AppIcon;
				ASSETCATALOG_COMPILER_GLOBAL_ACCENT_COLOR_NAME = AccentColor;
				CODE_SIGN_STYLE = Automatic;
				CURRENT_PROJECT_VERSION = 1;
				DEVELOPMENT_ASSET_PATHS = "\"NetworkingExampleApp/Preview Content\"";
				DEVELOPMENT_TEAM = 99KJTTSY9Z;
				ENABLE_PREVIEWS = YES;
				GENERATE_INFOPLIST_FILE = YES;
				INFOPLIST_KEY_UIApplicationSceneManifest_Generation = YES;
				INFOPLIST_KEY_UIApplicationSupportsIndirectInputEvents = YES;
				INFOPLIST_KEY_UILaunchScreen_Generation = YES;
				INFOPLIST_KEY_UISupportedInterfaceOrientations_iPad = "UIInterfaceOrientationPortrait UIInterfaceOrientationPortraitUpsideDown UIInterfaceOrientationLandscapeLeft UIInterfaceOrientationLandscapeRight";
				INFOPLIST_KEY_UISupportedInterfaceOrientations_iPhone = "UIInterfaceOrientationPortrait UIInterfaceOrientationLandscapeLeft UIInterfaceOrientationLandscapeRight";
				LD_RUNPATH_SEARCH_PATHS = (
					"$(inherited)",
					"@executable_path/Frameworks",
				);
				MARKETING_VERSION = 1.0;
				PRODUCT_BUNDLE_IDENTIFIER = com.daantunes.NetworkingExample.NetworkingExampleApp;
				PRODUCT_NAME = "$(TARGET_NAME)";
				SWIFT_EMIT_LOC_STRINGS = YES;
				SWIFT_VERSION = 5.0;
				TARGETED_DEVICE_FAMILY = "1,2";
			};
			name = Release;
		};
/* End XCBuildConfiguration section */

/* Begin XCConfigurationList section */
		ED47D55F29094A2B00BB32FA /* Build configuration list for PBXProject "NetworkingExampleApp" */ = {
			isa = XCConfigurationList;
			buildConfigurations = (
				ED47D57029094A2C00BB32FA /* Debug */,
				ED47D57129094A2C00BB32FA /* Release */,
			);
			defaultConfigurationIsVisible = 0;
			defaultConfigurationName = Release;
		};
		ED47D57229094A2C00BB32FA /* Build configuration list for PBXNativeTarget "NetworkingExampleApp" */ = {
			isa = XCConfigurationList;
			buildConfigurations = (
				ED47D57329094A2C00BB32FA /* Debug */,
				ED47D57429094A2C00BB32FA /* Release */,
			);
			defaultConfigurationIsVisible = 0;
			defaultConfigurationName = Release;
		};
/* End XCConfigurationList section */

/* Begin XCRemoteSwiftPackageReference section */
		ED20BD8A294735D0005B2A55 /* XCRemoteSwiftPackageReference "Alamofire" */ = {
			isa = XCRemoteSwiftPackageReference;
			repositoryURL = "https://github.com/Alamofire/Alamofire.git";
			requirement = {
				kind = upToNextMajorVersion;
				minimumVersion = 5.0.0;
			};
		};
/* End XCRemoteSwiftPackageReference section */

/* Begin XCSwiftPackageProductDependency section */
		ED20BD8B294735D0005B2A55 /* Alamofire */ = {
			isa = XCSwiftPackageProductDependency;
			package = ED20BD8A294735D0005B2A55 /* XCRemoteSwiftPackageReference "Alamofire" */;
			productName = Alamofire;
		};
/* End XCSwiftPackageProductDependency section */
	};
	rootObject = ED47D55C29094A2B00BB32FA /* Project object */;
}
